// !$*UTF8*$!
{
	archiveVersion = 1;
	classes = {
	};
	objectVersion = 55;
	objects = {

/* Begin PBXBuildFile section */
		1F2DB4E928BBA5B300AB781A /* AppDelegate.swift in Sources */ = {isa = PBXBuildFile; fileRef = 1F2DB4E828BBA5B300AB781A /* AppDelegate.swift */; };
		1F2DB4EB28BBA5B300AB781A /* SceneDelegate.swift in Sources */ = {isa = PBXBuildFile; fileRef = 1F2DB4EA28BBA5B300AB781A /* SceneDelegate.swift */; };
		1F2DB4ED28BBA5B300AB781A /* MainViewController.swift in Sources */ = {isa = PBXBuildFile; fileRef = 1F2DB4EC28BBA5B300AB781A /* MainViewController.swift */; };
		1F2DB4F228BBA5B400AB781A /* Assets.xcassets in Resources */ = {isa = PBXBuildFile; fileRef = 1F2DB4F128BBA5B400AB781A /* Assets.xcassets */; };
		1F2DB4F528BBA5B400AB781A /* LaunchScreen.storyboard in Resources */ = {isa = PBXBuildFile; fileRef = 1F2DB4F328BBA5B400AB781A /* LaunchScreen.storyboard */; };
		1F2DB50428BBB86000AB781A /* PropertiesCollectionViewCell.swift in Sources */ = {isa = PBXBuildFile; fileRef = 1F2DB50328BBB86000AB781A /* PropertiesCollectionViewCell.swift */; };
		1F2DB51528BBE1C700AB781A /* ZeroStageView.swift in Sources */ = {isa = PBXBuildFile; fileRef = 1F2DB51428BBE1C700AB781A /* ZeroStageView.swift */; };
		1F2DB51728BBE1D400AB781A /* StageView.swift in Sources */ = {isa = PBXBuildFile; fileRef = 1F2DB51628BBE1D400AB781A /* StageView.swift */; };
		1F2DB51D28BBE6A600AB781A /* UIStackView +.swift in Sources */ = {isa = PBXBuildFile; fileRef = 1F2DB51C28BBE6A600AB781A /* UIStackView +.swift */; };
		1F2DB54528BCF1EA00AB781A /* SettingsViewController.swift in Sources */ = {isa = PBXBuildFile; fileRef = 1F2DB54428BCF1EA00AB781A /* SettingsViewController.swift */; };
		1F2DB54728BD02B100AB781A /* LaunchesViewController.swift in Sources */ = {isa = PBXBuildFile; fileRef = 1F2DB54628BD02B100AB781A /* LaunchesViewController.swift */; };
		1F2DB54928BD37BE00AB781A /* LaunchesTableViewCell.swift in Sources */ = {isa = PBXBuildFile; fileRef = 1F2DB54828BD37BE00AB781A /* LaunchesTableViewCell.swift */; };
		1F2DB54B28BD462C00AB781A /* Launch.swift in Sources */ = {isa = PBXBuildFile; fileRef = 1F2DB54A28BD462C00AB781A /* Launch.swift */; };
		1F2DB54D28BDD81D00AB781A /* ShipsManager.swift in Sources */ = {isa = PBXBuildFile; fileRef = 1F2DB54C28BDD81D00AB781A /* ShipsManager.swift */; };
		1F2DB54F28BDE3E000AB781A /* Ship.swift in Sources */ = {isa = PBXBuildFile; fileRef = 1F2DB54E28BDE3E000AB781A /* Ship.swift */; };
		1F2DB5A628C3AD1900AB781A /* Metric.swift in Sources */ = {isa = PBXBuildFile; fileRef = 1F2DB5A528C3AD1900AB781A /* Metric.swift */; };
/* End PBXBuildFile section */

/* Begin PBXFileReference section */
		1F2DB4E528BBA5B300AB781A /* Test Kontur.app */ = {isa = PBXFileReference; explicitFileType = wrapper.application; includeInIndex = 0; path = "Test Kontur.app"; sourceTree = BUILT_PRODUCTS_DIR; };
		1F2DB4E828BBA5B300AB781A /* AppDelegate.swift */ = {isa = PBXFileReference; lastKnownFileType = sourcecode.swift; path = AppDelegate.swift; sourceTree = "<group>"; };
		1F2DB4EA28BBA5B300AB781A /* SceneDelegate.swift */ = {isa = PBXFileReference; lastKnownFileType = sourcecode.swift; path = SceneDelegate.swift; sourceTree = "<group>"; };
		1F2DB4EC28BBA5B300AB781A /* MainViewController.swift */ = {isa = PBXFileReference; lastKnownFileType = sourcecode.swift; path = MainViewController.swift; sourceTree = "<group>"; };
		1F2DB4F128BBA5B400AB781A /* Assets.xcassets */ = {isa = PBXFileReference; lastKnownFileType = folder.assetcatalog; path = Assets.xcassets; sourceTree = "<group>"; };
		1F2DB4F428BBA5B400AB781A /* Base */ = {isa = PBXFileReference; lastKnownFileType = file.storyboard; name = Base; path = Base.lproj/LaunchScreen.storyboard; sourceTree = "<group>"; };
		1F2DB4F628BBA5B400AB781A /* Info.plist */ = {isa = PBXFileReference; lastKnownFileType = text.plist.xml; path = Info.plist; sourceTree = "<group>"; };
		1F2DB50328BBB86000AB781A /* PropertiesCollectionViewCell.swift */ = {isa = PBXFileReference; lastKnownFileType = sourcecode.swift; path = PropertiesCollectionViewCell.swift; sourceTree = "<group>"; };
		1F2DB51428BBE1C700AB781A /* ZeroStageView.swift */ = {isa = PBXFileReference; lastKnownFileType = sourcecode.swift; path = ZeroStageView.swift; sourceTree = "<group>"; };
		1F2DB51628BBE1D400AB781A /* StageView.swift */ = {isa = PBXFileReference; lastKnownFileType = sourcecode.swift; path = StageView.swift; sourceTree = "<group>"; };
		1F2DB51C28BBE6A600AB781A /* UIStackView +.swift */ = {isa = PBXFileReference; lastKnownFileType = sourcecode.swift; path = "UIStackView +.swift"; sourceTree = "<group>"; };
		1F2DB54428BCF1EA00AB781A /* SettingsViewController.swift */ = {isa = PBXFileReference; lastKnownFileType = sourcecode.swift; path = SettingsViewController.swift; sourceTree = "<group>"; };
		1F2DB54628BD02B100AB781A /* LaunchesViewController.swift */ = {isa = PBXFileReference; lastKnownFileType = sourcecode.swift; path = LaunchesViewController.swift; sourceTree = "<group>"; };
		1F2DB54828BD37BE00AB781A /* LaunchesTableViewCell.swift */ = {isa = PBXFileReference; lastKnownFileType = sourcecode.swift; path = LaunchesTableViewCell.swift; sourceTree = "<group>"; };
		1F2DB54A28BD462C00AB781A /* Launch.swift */ = {isa = PBXFileReference; lastKnownFileType = sourcecode.swift; path = Launch.swift; sourceTree = "<group>"; };
		1F2DB54C28BDD81D00AB781A /* ShipsManager.swift */ = {isa = PBXFileReference; lastKnownFileType = sourcecode.swift; path = ShipsManager.swift; sourceTree = "<group>"; };
		1F2DB54E28BDE3E000AB781A /* Ship.swift */ = {isa = PBXFileReference; lastKnownFileType = sourcecode.swift; path = Ship.swift; sourceTree = "<group>"; };
		1F2DB5A528C3AD1900AB781A /* Metric.swift */ = {isa = PBXFileReference; lastKnownFileType = sourcecode.swift; path = Metric.swift; sourceTree = "<group>"; };
/* End PBXFileReference section */

/* Begin PBXFrameworksBuildPhase section */
		1F2DB4E228BBA5B300AB781A /* Frameworks */ = {
			isa = PBXFrameworksBuildPhase;
			buildActionMask = 2147483647;
			files = (
			);
			runOnlyForDeploymentPostprocessing = 0;
		};
/* End PBXFrameworksBuildPhase section */

/* Begin PBXGroup section */
		1F2DB4DC28BBA5B300AB781A = {
			isa = PBXGroup;
			children = (
				1F2DB4E728BBA5B300AB781A /* Test Kontur */,
				1F2DB4E628BBA5B300AB781A /* Products */,
			);
			sourceTree = "<group>";
		};
		1F2DB4E628BBA5B300AB781A /* Products */ = {
			isa = PBXGroup;
			children = (
				1F2DB4E528BBA5B300AB781A /* Test Kontur.app */,
			);
			name = Products;
			sourceTree = "<group>";
		};
		1F2DB4E728BBA5B300AB781A /* Test Kontur */ = {
			isa = PBXGroup;
			children = (
				1F2DB4FC28BBA93300AB781A /* App */,
				1F2DB55128BE163B00AB781A /* Network */,
				1F2DB55028BE15FE00AB781A /* Models */,
				1F2DB51A28BBE24100AB781A /* Views */,
				1F2DB4FD28BBA93A00AB781A /* Controllers */,
				1F2DB4FE28BBA94B00AB781A /* Resourses */,
			);
			path = "Test Kontur";
			sourceTree = "<group>";
		};
		1F2DB4FC28BBA93300AB781A /* App */ = {
			isa = PBXGroup;
			children = (
				1F2DB4E828BBA5B300AB781A /* AppDelegate.swift */,
				1F2DB4EA28BBA5B300AB781A /* SceneDelegate.swift */,
				1F2DB51C28BBE6A600AB781A /* UIStackView +.swift */,
			);
			path = App;
			sourceTree = "<group>";
		};
		1F2DB4FD28BBA93A00AB781A /* Controllers */ = {
			isa = PBXGroup;
			children = (
				1F2DB4EC28BBA5B300AB781A /* MainViewController.swift */,
				1F2DB54428BCF1EA00AB781A /* SettingsViewController.swift */,
				1F2DB54628BD02B100AB781A /* LaunchesViewController.swift */,
			);
			path = Controllers;
			sourceTree = "<group>";
		};
		1F2DB4FE28BBA94B00AB781A /* Resourses */ = {
			isa = PBXGroup;
			children = (
				1F2DB4F128BBA5B400AB781A /* Assets.xcassets */,
				1F2DB4F328BBA5B400AB781A /* LaunchScreen.storyboard */,
				1F2DB4F628BBA5B400AB781A /* Info.plist */,
			);
			path = Resourses;
			sourceTree = "<group>";
		};
		1F2DB51A28BBE24100AB781A /* Views */ = {
			isa = PBXGroup;
			children = (
				1F2DB55228BE35C100AB781A /* Cells */,
				1F2DB51B28BBE25500AB781A /* Stages */,
			);
			path = Views;
			sourceTree = "<group>";
		};
		1F2DB51B28BBE25500AB781A /* Stages */ = {
			isa = PBXGroup;
			children = (
				1F2DB51428BBE1C700AB781A /* ZeroStageView.swift */,
				1F2DB51628BBE1D400AB781A /* StageView.swift */,
			);
			path = Stages;
			sourceTree = "<group>";
		};
		1F2DB55028BE15FE00AB781A /* Models */ = {
			isa = PBXGroup;
			children = (
				1F2DB54A28BD462C00AB781A /* Launch.swift */,
				1F2DB54E28BDE3E000AB781A /* Ship.swift */,
				1F2DB5A528C3AD1900AB781A /* Metric.swift */,
			);
			path = Models;
			sourceTree = "<group>";
		};
		1F2DB55128BE163B00AB781A /* Network */ = {
			isa = PBXGroup;
			children = (
				1F2DB54C28BDD81D00AB781A /* ShipsManager.swift */,
			);
			path = Network;
			sourceTree = "<group>";
		};
		1F2DB55228BE35C100AB781A /* Cells */ = {
			isa = PBXGroup;
			children = (
				1F2DB50328BBB86000AB781A /* PropertiesCollectionViewCell.swift */,
				1F2DB54828BD37BE00AB781A /* LaunchesTableViewCell.swift */,
			);
			path = Cells;
			sourceTree = "<group>";
		};
/* End PBXGroup section */

/* Begin PBXNativeTarget section */
		1F2DB4E428BBA5B300AB781A /* Test Kontur */ = {
			isa = PBXNativeTarget;
			buildConfigurationList = 1F2DB4F928BBA5B400AB781A /* Build configuration list for PBXNativeTarget "Test Kontur" */;
			buildPhases = (
				1F2DB4E128BBA5B300AB781A /* Sources */,
				1F2DB4E228BBA5B300AB781A /* Frameworks */,
				1F2DB4E328BBA5B300AB781A /* Resources */,
			);
			buildRules = (
			);
			dependencies = (
			);
			name = "Test Kontur";
			productName = "Test Kontur";
			productReference = 1F2DB4E528BBA5B300AB781A /* Test Kontur.app */;
			productType = "com.apple.product-type.application";
		};
/* End PBXNativeTarget section */

/* Begin PBXProject section */
		1F2DB4DD28BBA5B300AB781A /* Project object */ = {
			isa = PBXProject;
			attributes = {
				BuildIndependentTargetsInParallel = 1;
				LastSwiftUpdateCheck = 1330;
				LastUpgradeCheck = 1330;
				TargetAttributes = {
					1F2DB4E428BBA5B300AB781A = {
						CreatedOnToolsVersion = 13.3;
					};
				};
			};
			buildConfigurationList = 1F2DB4E028BBA5B300AB781A /* Build configuration list for PBXProject "Test Kontur" */;
			compatibilityVersion = "Xcode 13.0";
			developmentRegion = en;
			hasScannedForEncodings = 0;
			knownRegions = (
				en,
				Base,
			);
			mainGroup = 1F2DB4DC28BBA5B300AB781A;
			productRefGroup = 1F2DB4E628BBA5B300AB781A /* Products */;
			projectDirPath = "";
			projectRoot = "";
			targets = (
				1F2DB4E428BBA5B300AB781A /* Test Kontur */,
			);
		};
/* End PBXProject section */

/* Begin PBXResourcesBuildPhase section */
		1F2DB4E328BBA5B300AB781A /* Resources */ = {
			isa = PBXResourcesBuildPhase;
			buildActionMask = 2147483647;
			files = (
				1F2DB4F528BBA5B400AB781A /* LaunchScreen.storyboard in Resources */,
				1F2DB4F228BBA5B400AB781A /* Assets.xcassets in Resources */,
			);
			runOnlyForDeploymentPostprocessing = 0;
		};
/* End PBXResourcesBuildPhase section */

/* Begin PBXSourcesBuildPhase section */
		1F2DB4E128BBA5B300AB781A /* Sources */ = {
			isa = PBXSourcesBuildPhase;
			buildActionMask = 2147483647;
			files = (
				1F2DB51528BBE1C700AB781A /* ZeroStageView.swift in Sources */,
				1F2DB54728BD02B100AB781A /* LaunchesViewController.swift in Sources */,
				1F2DB54928BD37BE00AB781A /* LaunchesTableViewCell.swift in Sources */,
				1F2DB54B28BD462C00AB781A /* Launch.swift in Sources */,
				1F2DB54528BCF1EA00AB781A /* SettingsViewController.swift in Sources */,
				1F2DB5A628C3AD1900AB781A /* Metric.swift in Sources */,
				1F2DB54D28BDD81D00AB781A /* ShipsManager.swift in Sources */,
				1F2DB4ED28BBA5B300AB781A /* MainViewController.swift in Sources */,
				1F2DB50428BBB86000AB781A /* PropertiesCollectionViewCell.swift in Sources */,
				1F2DB54F28BDE3E000AB781A /* Ship.swift in Sources */,
				1F2DB4E928BBA5B300AB781A /* AppDelegate.swift in Sources */,
				1F2DB51D28BBE6A600AB781A /* UIStackView +.swift in Sources */,
				1F2DB4EB28BBA5B300AB781A /* SceneDelegate.swift in Sources */,
				1F2DB51728BBE1D400AB781A /* StageView.swift in Sources */,
			);
			runOnlyForDeploymentPostprocessing = 0;
		};
/* End PBXSourcesBuildPhase section */

/* Begin PBXVariantGroup section */
		1F2DB4F328BBA5B400AB781A /* LaunchScreen.storyboard */ = {
			isa = PBXVariantGroup;
			children = (
				1F2DB4F428BBA5B400AB781A /* Base */,
			);
			name = LaunchScreen.storyboard;
			sourceTree = "<group>";
		};
/* End PBXVariantGroup section */

/* Begin XCBuildConfiguration section */
		1F2DB4F728BBA5B400AB781A /* Debug */ = {
			isa = XCBuildConfiguration;
			buildSettings = {
				ALWAYS_SEARCH_USER_PATHS = NO;
				CLANG_ANALYZER_NONNULL = YES;
				CLANG_ANALYZER_NUMBER_OBJECT_CONVERSION = YES_AGGRESSIVE;
				CLANG_CXX_LANGUAGE_STANDARD = "gnu++17";
				CLANG_ENABLE_MODULES = YES;
				CLANG_ENABLE_OBJC_ARC = YES;
				CLANG_ENABLE_OBJC_WEAK = YES;
				CLANG_WARN_BLOCK_CAPTURE_AUTORELEASING = YES;
				CLANG_WARN_BOOL_CONVERSION = YES;
				CLANG_WARN_COMMA = YES;
				CLANG_WARN_CONSTANT_CONVERSION = YES;
				CLANG_WARN_DEPRECATED_OBJC_IMPLEMENTATIONS = YES;
				CLANG_WARN_DIRECT_OBJC_ISA_USAGE = YES_ERROR;
				CLANG_WARN_DOCUMENTATION_COMMENTS = YES;
				CLANG_WARN_EMPTY_BODY = YES;
				CLANG_WARN_ENUM_CONVERSION = YES;
				CLANG_WARN_INFINITE_RECURSION = YES;
				CLANG_WARN_INT_CONVERSION = YES;
				CLANG_WARN_NON_LITERAL_NULL_CONVERSION = YES;
				CLANG_WARN_OBJC_IMPLICIT_RETAIN_SELF = YES;
				CLANG_WARN_OBJC_LITERAL_CONVERSION = YES;
				CLANG_WARN_OBJC_ROOT_CLASS = YES_ERROR;
				CLANG_WARN_QUOTED_INCLUDE_IN_FRAMEWORK_HEADER = YES;
				CLANG_WARN_RANGE_LOOP_ANALYSIS = YES;
				CLANG_WARN_STRICT_PROTOTYPES = YES;
				CLANG_WARN_SUSPICIOUS_MOVE = YES;
				CLANG_WARN_UNGUARDED_AVAILABILITY = YES_AGGRESSIVE;
				CLANG_WARN_UNREACHABLE_CODE = YES;
				CLANG_WARN__DUPLICATE_METHOD_MATCH = YES;
				COPY_PHASE_STRIP = NO;
				DEBUG_INFORMATION_FORMAT = dwarf;
				ENABLE_STRICT_OBJC_MSGSEND = YES;
				ENABLE_TESTABILITY = YES;
				GCC_C_LANGUAGE_STANDARD = gnu11;
				GCC_DYNAMIC_NO_PIC = NO;
				GCC_NO_COMMON_BLOCKS = YES;
				GCC_OPTIMIZATION_LEVEL = 0;
				GCC_PREPROCESSOR_DEFINITIONS = (
					"DEBUG=1",
					"$(inherited)",
				);
				GCC_WARN_64_TO_32_BIT_CONVERSION = YES;
				GCC_WARN_ABOUT_RETURN_TYPE = YES_ERROR;
				GCC_WARN_UNDECLARED_SELECTOR = YES;
				GCC_WARN_UNINITIALIZED_AUTOS = YES_AGGRESSIVE;
				GCC_WARN_UNUSED_FUNCTION = YES;
				GCC_WARN_UNUSED_VARIABLE = YES;
				IPHONEOS_DEPLOYMENT_TARGET = 15.4;
				MTL_ENABLE_DEBUG_INFO = INCLUDE_SOURCE;
				MTL_FAST_MATH = YES;
				ONLY_ACTIVE_ARCH = YES;
				SDKROOT = iphoneos;
				SWIFT_ACTIVE_COMPILATION_CONDITIONS = DEBUG;
				SWIFT_OPTIMIZATION_LEVEL = "-Onone";
			};
			name = Debug;
		};
		1F2DB4F828BBA5B400AB781A /* Release */ = {
			isa = XCBuildConfiguration;
			buildSettings = {
				ALWAYS_SEARCH_USER_PATHS = NO;
				CLANG_ANALYZER_NONNULL = YES;
				CLANG_ANALYZER_NUMBER_OBJECT_CONVERSION = YES_AGGRESSIVE;
				CLANG_CXX_LANGUAGE_STANDARD = "gnu++17";
				CLANG_ENABLE_MODULES = YES;
				CLANG_ENABLE_OBJC_ARC = YES;
				CLANG_ENABLE_OBJC_WEAK = YES;
				CLANG_WARN_BLOCK_CAPTURE_AUTORELEASING = YES;
				CLANG_WARN_BOOL_CONVERSION = YES;
				CLANG_WARN_COMMA = YES;
				CLANG_WARN_CONSTANT_CONVERSION = YES;
				CLANG_WARN_DEPRECATED_OBJC_IMPLEMENTATIONS = YES;
				CLANG_WARN_DIRECT_OBJC_ISA_USAGE = YES_ERROR;
				CLANG_WARN_DOCUMENTATION_COMMENTS = YES;
				CLANG_WARN_EMPTY_BODY = YES;
				CLANG_WARN_ENUM_CONVERSION = YES;
				CLANG_WARN_INFINITE_RECURSION = YES;
				CLANG_WARN_INT_CONVERSION = YES;
				CLANG_WARN_NON_LITERAL_NULL_CONVERSION = YES;
				CLANG_WARN_OBJC_IMPLICIT_RETAIN_SELF = YES;
				CLANG_WARN_OBJC_LITERAL_CONVERSION = YES;
				CLANG_WARN_OBJC_ROOT_CLASS = YES_ERROR;
				CLANG_WARN_QUOTED_INCLUDE_IN_FRAMEWORK_HEADER = YES;
				CLANG_WARN_RANGE_LOOP_ANALYSIS = YES;
				CLANG_WARN_STRICT_PROTOTYPES = YES;
				CLANG_WARN_SUSPICIOUS_MOVE = YES;
				CLANG_WARN_UNGUARDED_AVAILABILITY = YES_AGGRESSIVE;
				CLANG_WARN_UNREACHABLE_CODE = YES;
				CLANG_WARN__DUPLICATE_METHOD_MATCH = YES;
				COPY_PHASE_STRIP = NO;
				DEBUG_INFORMATION_FORMAT = "dwarf-with-dsym";
				ENABLE_NS_ASSERTIONS = NO;
				ENABLE_STRICT_OBJC_MSGSEND = YES;
				GCC_C_LANGUAGE_STANDARD = gnu11;
				GCC_NO_COMMON_BLOCKS = YES;
				GCC_WARN_64_TO_32_BIT_CONVERSION = YES;
				GCC_WARN_ABOUT_RETURN_TYPE = YES_ERROR;
				GCC_WARN_UNDECLARED_SELECTOR = YES;
				GCC_WARN_UNINITIALIZED_AUTOS = YES_AGGRESSIVE;
				GCC_WARN_UNUSED_FUNCTION = YES;
				GCC_WARN_UNUSED_VARIABLE = YES;
				IPHONEOS_DEPLOYMENT_TARGET = 15.4;
				MTL_ENABLE_DEBUG_INFO = NO;
				MTL_FAST_MATH = YES;
				SDKROOT = iphoneos;
				SWIFT_COMPILATION_MODE = wholemodule;
				SWIFT_OPTIMIZATION_LEVEL = "-O";
				VALIDATE_PRODUCT = YES;
			};
			name = Release;
		};
		1F2DB4FA28BBA5B400AB781A /* Debug */ = {
			isa = XCBuildConfiguration;
			buildSettings = {
				ASSETCATALOG_COMPILER_APPICON_NAME = AppIcon;
				ASSETCATALOG_COMPILER_GLOBAL_ACCENT_COLOR_NAME = AccentColor;
				CODE_SIGN_STYLE = Automatic;
				CURRENT_PROJECT_VERSION = 1;
				DEVELOPMENT_TEAM = H5VQ3T5G2F;
				GENERATE_INFOPLIST_FILE = YES;
				INFOPLIST_FILE = "Test Kontur/Resourses/Info.plist";
				INFOPLIST_KEY_UIApplicationSupportsIndirectInputEvents = YES;
				INFOPLIST_KEY_UILaunchStoryboardName = LaunchScreen;
				INFOPLIST_KEY_UISupportedInterfaceOrientations_iPad = "UIInterfaceOrientationPortrait UIInterfaceOrientationPortraitUpsideDown UIInterfaceOrientationLandscapeLeft UIInterfaceOrientationLandscapeRight";
				INFOPLIST_KEY_UISupportedInterfaceOrientations_iPhone = "UIInterfaceOrientationPortrait UIInterfaceOrientationLandscapeLeft UIInterfaceOrientationLandscapeRight";
				IPHONEOS_DEPLOYMENT_TARGET = 13.0;
				LD_RUNPATH_SEARCH_PATHS = (
					"$(inherited)",
					"@executable_path/Frameworks",
				);
				MARKETING_VERSION = 1.0;
				PRODUCT_BUNDLE_IDENTIFIER = "com.alex-und3r.Test-Kontur";
				PRODUCT_NAME = "$(TARGET_NAME)";
				SWIFT_EMIT_LOC_STRINGS = YES;
				SWIFT_VERSION = 5.0;
				TARGETED_DEVICE_FAMILY = 1;
			};
			name = Debug;
		};
		1F2DB4FB28BBA5B400AB781A /* Release */ = {
			isa = XCBuildConfiguration;
			buildSettings = {
				ASSETCATALOG_COMPILER_APPICON_NAME = AppIcon;
				ASSETCATALOG_COMPILER_GLOBAL_ACCENT_COLOR_NAME = AccentColor;
				CODE_SIGN_STYLE = Automatic;
				CURRENT_PROJECT_VERSION = 1;
				DEVELOPMENT_TEAM = H5VQ3T5G2F;
				GENERATE_INFOPLIST_FILE = YES;
				INFOPLIST_FILE = "Test Kontur/Resourses/Info.plist";
				INFOPLIST_KEY_UIApplicationSupportsIndirectInputEvents = YES;
				INFOPLIST_KEY_UILaunchStoryboardName = LaunchScreen;
				INFOPLIST_KEY_UISupportedInterfaceOrientations_iPad = "UIInterfaceOrientationPortrait UIInterfaceOrientationPortraitUpsideDown UIInterfaceOrientationLandscapeLeft UIInterfaceOrientationLandscapeRight";
				INFOPLIST_KEY_UISupportedInterfaceOrientations_iPhone = "UIInterfaceOrientationPortrait UIInterfaceOrientationLandscapeLeft UIInterfaceOrientationLandscapeRight";
				IPHONEOS_DEPLOYMENT_TARGET = 13.0;
				LD_RUNPATH_SEARCH_PATHS = (
					"$(inherited)",
					"@executable_path/Frameworks",
				);
				MARKETING_VERSION = 1.0;
				PRODUCT_BUNDLE_IDENTIFIER = "com.alex-und3r.Test-Kontur";
				PRODUCT_NAME = "$(TARGET_NAME)";
				SWIFT_EMIT_LOC_STRINGS = YES;
				SWIFT_VERSION = 5.0;
				TARGETED_DEVICE_FAMILY = 1;
			};
			name = Release;
		};
/* End XCBuildConfiguration section */

/* Begin XCConfigurationList section */
		1F2DB4E028BBA5B300AB781A /* Build configuration list for PBXProject "Test Kontur" */ = {
			isa = XCConfigurationList;
			buildConfigurations = (
				1F2DB4F728BBA5B400AB781A /* Debug */,
				1F2DB4F828BBA5B400AB781A /* Release */,
			);
			defaultConfigurationIsVisible = 0;
			defaultConfigurationName = Release;
		};
		1F2DB4F928BBA5B400AB781A /* Build configuration list for PBXNativeTarget "Test Kontur" */ = {
			isa = XCConfigurationList;
			buildConfigurations = (
				1F2DB4FA28BBA5B400AB781A /* Debug */,
				1F2DB4FB28BBA5B400AB781A /* Release */,
			);
			defaultConfigurationIsVisible = 0;
			defaultConfigurationName = Release;
		};
/* End XCConfigurationList section */
	};
	rootObject = 1F2DB4DD28BBA5B300AB781A /* Project object */;
}
